
Microsoft Visual Studio Solution File, Format Version 12.00
# Visual Studio 2012
Project("{8BC9CEB8-8B4A-11D0-8D11-00A0C91BC942}") = "libmpeg2", "libmpeg2\libmpeg2.vcxproj", "{C3227C3A-6C6B-4916-A6AE-544C04FB8F2D}"
EndProject
Project("{8BC9CEB8-8B4A-11D0-8D11-00A0C91BC942}") = "test-app", "test-app\test-app.vcxproj", "{C8C451B1-D2A1-4E0F-9FAA-F84C42E686C9}"
EndProject
Project("{FAE04EC0-301F-11D3-BF4B-00C04F79EFBC}") = "mpeg2-player", "mpeg2-player\mpeg2-player.csproj", "{464B085F-25CB-4CB5-9000-672CDF3737AF}"
EndProject
Project("{2150E333-8FDC-42A3-9474-1A3956D46DE8}") = "Solution Items", "Solution Items", "{65AF1931-FE44-413B-BCCF-2BB4272334F3}"
	ProjectSection(SolutionItems) = preProject
		README.txt = README.txt
	EndProjectSection
EndProject
Global
	GlobalSection(SolutionConfigurationPlatforms) = preSolution
		Debug|Any CPU = Debug|Any CPU
		Debug|ARM = Debug|ARM
		Debug|Mixed Platforms = Debug|Mixed Platforms
		Debug|Win32 = Debug|Win32
		Debug|x64 = Debug|x64
		Debug|x86 = Debug|x86
		Release|Any CPU = Release|Any CPU
		Release|ARM = Release|ARM
		Release|Mixed Platforms = Release|Mixed Platforms
		Release|Win32 = Release|Win32
		Release|x64 = Release|x64
		Release|x86 = Release|x86
	EndGlobalSection
	GlobalSection(ProjectConfigurationPlatforms) = postSolution
		{C3227C3A-6C6B-4916-A6AE-544C04FB8F2D}.Debug|Any CPU.ActiveCfg = Debug|Win32
		{C3227C3A-6C6B-4916-A6AE-544C04FB8F2D}.Debug|ARM.ActiveCfg = Debug|ARM
		{C3227C3A-6C6B-4916-A6AE-544C04FB8F2D}.Debug|ARM.Build.0 = Debug|ARM
		{C3227C3A-6C6B-4916-A6AE-544C04FB8F2D}.Debug|Mixed Platforms.ActiveCfg = Debug|Win32
		{C3227C3A-6C6B-4916-A6AE-544C04FB8F2D}.Debug|Mixed Platforms.Build.0 = Debug|Win32
		{C3227C3A-6C6B-4916-A6AE-544C04FB8F2D}.Debug|Win32.ActiveCfg = Debug|Win32
		{C3227C3A-6C6B-4916-A6AE-544C04FB8F2D}.Debug|Win32.Build.0 = Debug|Win32
		{C3227C3A-6C6B-4916-A6AE-544C04FB8F2D}.Debug|x64.ActiveCfg = Debug|x64
		{C3227C3A-6C6B-4916-A6AE-544C04FB8F2D}.Debug|x64.Build.0 = Debug|x64
		{C3227C3A-6C6B-4916-A6AE-544C04FB8F2D}.Debug|x86.ActiveCfg = Debug|Win32
		{C3227C3A-6C6B-4916-A6AE-544C04FB8F2D}.Debug|x86.Build.0 = Debug|Win32
		{C3227C3A-6C6B-4916-A6AE-544C04FB8F2D}.Release|Any CPU.ActiveCfg = Release|Win32
		{C3227C3A-6C6B-4916-A6AE-544C04FB8F2D}.Release|ARM.ActiveCfg = Release|ARM
		{C3227C3A-6C6B-4916-A6AE-544C04FB8F2D}.Release|ARM.Build.0 = Release|ARM
		{C3227C3A-6C6B-4916-A6AE-544C04FB8F2D}.Release|Mixed Platforms.ActiveCfg = Release|Win32
		{C3227C3A-6C6B-4916-A6AE-544C04FB8F2D}.Release|Mixed Platforms.Build.0 = Release|Win32
		{C3227C3A-6C6B-4916-A6AE-544C04FB8F2D}.Release|Win32.ActiveCfg = Release|Win32
		{C3227C3A-6C6B-4916-A6AE-544C04FB8F2D}.Release|Win32.Build.0 = Release|Win32
		{C3227C3A-6C6B-4916-A6AE-544C04FB8F2D}.Release|x64.ActiveCfg = Release|x64
		{C3227C3A-6C6B-4916-A6AE-544C04FB8F2D}.Release|x64.Build.0 = Release|x64
		{C3227C3A-6C6B-4916-A6AE-544C04FB8F2D}.Release|x86.ActiveCfg = Release|Win32
		{C3227C3A-6C6B-4916-A6AE-544C04FB8F2D}.Release|x86.Build.0 = Release|Win32
		{C8C451B1-D2A1-4E0F-9FAA-F84C42E686C9}.Debug|Any CPU.ActiveCfg = Debug|Win32
		{C8C451B1-D2A1-4E0F-9FAA-F84C42E686C9}.Debug|ARM.ActiveCfg = Debug|ARM
		{C8C451B1-D2A1-4E0F-9FAA-F84C42E686C9}.Debug|ARM.Build.0 = Debug|ARM
		{C8C451B1-D2A1-4E0F-9FAA-F84C42E686C9}.Debug|ARM.Deploy.0 = Debug|ARM
		{C8C451B1-D2A1-4E0F-9FAA-F84C42E686C9}.Debug|Mixed Platforms.ActiveCfg = Debug|Win32
		{C8C451B1-D2A1-4E0F-9FAA-F84C42E686C9}.Debug|Mixed Platforms.Build.0 = Debug|Win32
		{C8C451B1-D2A1-4E0F-9FAA-F84C42E686C9}.Debug|Mixed Platforms.Deploy.0 = Debug|Win32
		{C8C451B1-D2A1-4E0F-9FAA-F84C42E686C9}.Debug|Win32.ActiveCfg = Debug|Win32
		{C8C451B1-D2A1-4E0F-9FAA-F84C42E686C9}.Debug|Win32.Build.0 = Debug|Win32
		{C8C451B1-D2A1-4E0F-9FAA-F84C42E686C9}.Debug|Win32.Deploy.0 = Debug|Win32
		{C8C451B1-D2A1-4E0F-9FAA-F84C42E686C9}.Debug|x64.ActiveCfg = Debug|x64
		{C8C451B1-D2A1-4E0F-9FAA-F84C42E686C9}.Debug|x64.Build.0 = Debug|x64
		{C8C451B1-D2A1-4E0F-9FAA-F84C42E686C9}.Debug|x64.Deploy.0 = Debug|x64
		{C8C451B1-D2A1-4E0F-9FAA-F84C42E686C9}.Debug|x86.ActiveCfg = Debug|Win32
		{C8C451B1-D2A1-4E0F-9FAA-F84C42E686C9}.Debug|x86.Build.0 = Debug|Win32
		{C8C451B1-D2A1-4E0F-9FAA-F84C42E686C9}.Debug|x86.Deploy.0 = Debug|Win32
		{C8C451B1-D2A1-4E0F-9FAA-F84C42E686C9}.Release|Any CPU.ActiveCfg = Release|Win32
		{C8C451B1-D2A1-4E0F-9FAA-F84C42E686C9}.Release|ARM.ActiveCfg = Release|ARM
		{C8C451B1-D2A1-4E0F-9FAA-F84C42E686C9}.Release|ARM.Build.0 = Release|ARM
		{C8C451B1-D2A1-4E0F-9FAA-F84C42E686C9}.Release|ARM.Deploy.0 = Release|ARM
		{C8C451B1-D2A1-4E0F-9FAA-F84C42E686C9}.Release|Mixed Platforms.ActiveCfg = Release|Win32
		{C8C451B1-D2A1-4E0F-9FAA-F84C42E686C9}.Release|Mixed Platforms.Build.0 = Release|Win32
		{C8C451B1-D2A1-4E0F-9FAA-F84C42E686C9}.Release|Mixed Platforms.Deploy.0 = Release|Win32
		{C8C451B1-D2A1-4E0F-9FAA-F84C42E686C9}.Release|Win32.ActiveCfg = Release|Win32
		{C8C451B1-D2A1-4E0F-9FAA-F84C42E686C9}.Release|Win32.Build.0 = Release|Win32
		{C8C451B1-D2A1-4E0F-9FAA-F84C42E686C9}.Release|Win32.Deploy.0 = Release|Win32
		{C8C451B1-D2A1-4E0F-9FAA-F84C42E686C9}.Release|x64.ActiveCfg = Release|x64
		{C8C451B1-D2A1-4E0F-9FAA-F84C42E686C9}.Release|x64.Build.0 = Release|x64
		{C8C451B1-D2A1-4E0F-9FAA-F84C42E686C9}.Release|x64.Deploy.0 = Release|x64
		{C8C451B1-D2A1-4E0F-9FAA-F84C42E686C9}.Release|x86.ActiveCfg = Release|Win32
		{C8C451B1-D2A1-4E0F-9FAA-F84C42E686C9}.Release|x86.Build.0 = Release|Win32
		{C8C451B1-D2A1-4E0F-9FAA-F84C42E686C9}.Release|x86.Deploy.0 = Release|Win32
		{464B085F-25CB-4CB5-9000-672CDF3737AF}.Debug|Any CPU.ActiveCfg = Debug|Any CPU
		{464B085F-25CB-4CB5-9000-672CDF3737AF}.Debug|Any CPU.Build.0 = Debug|Any CPU
		{464B085F-25CB-4CB5-9000-672CDF3737AF}.Debug|Any CPU.Deploy.0 = Debug|Any CPU
		{464B085F-25CB-4CB5-9000-672CDF3737AF}.Debug|ARM.ActiveCfg = Debug|ARM
		{464B085F-25CB-4CB5-9000-672CDF3737AF}.Debug|ARM.Build.0 = Debug|ARM
		{464B085F-25CB-4CB5-9000-672CDF3737AF}.Debug|ARM.Deploy.0 = Debug|ARM
		{464B085F-25CB-4CB5-9000-672CDF3737AF}.Debug|Mixed Platforms.ActiveCfg = Debug|x86
		{464B085F-25CB-4CB5-9000-672CDF3737AF}.Debug|Mixed Platforms.Build.0 = Debug|x86
		{464B085F-25CB-4CB5-9000-672CDF3737AF}.Debug|Mixed Platforms.Deploy.0 = Debug|x86
		{464B085F-25CB-4CB5-9000-672CDF3737AF}.Debug|Win32.ActiveCfg = Debug|x86
		{464B085F-25CB-4CB5-9000-672CDF3737AF}.Debug|Win32.Build.0 = Debug|x86
		{464B085F-25CB-4CB5-9000-672CDF3737AF}.Debug|Win32.Deploy.0 = Debug|x86
		{464B085F-25CB-4CB5-9000-672CDF3737AF}.Debug|x64.ActiveCfg = Debug|x64
		{464B085F-25CB-4CB5-9000-672CDF3737AF}.Debug|x64.Build.0 = Debug|x64
		{464B085F-25CB-4CB5-9000-672CDF3737AF}.Debug|x64.Deploy.0 = Debug|x64
		{464B085F-25CB-4CB5-9000-672CDF3737AF}.Debug|x86.ActiveCfg = Debug|x86
		{464B085F-25CB-4CB5-9000-672CDF3737AF}.Debug|x86.Build.0 = Debug|x86
		{464B085F-25CB-4CB5-9000-672CDF3737AF}.Debug|x86.Deploy.0 = Debug|x86
		{464B085F-25CB-4CB5-9000-672CDF3737AF}.Release|Any CPU.ActiveCfg = Release|Any CPU
		{464B085F-25CB-4CB5-9000-672CDF3737AF}.Release|Any CPU.Build.0 = Release|Any CPU
		{464B085F-25CB-4CB5-9000-672CDF3737AF}.Release|Any CPU.Deploy.0 = Release|Any CPU
		{464B085F-25CB-4CB5-9000-672CDF3737AF}.Release|ARM.ActiveCfg = Release|ARM
		{464B085F-25CB-4CB5-9000-672CDF3737AF}.Release|ARM.Build.0 = Release|ARM
		{464B085F-25CB-4CB5-9000-672CDF3737AF}.Release|ARM.Deploy.0 = Release|ARM
		{464B085F-25CB-4CB5-9000-672CDF3737AF}.Release|Mixed Platforms.ActiveCfg = Release|x86
		{464B085F-25CB-4CB5-9000-672CDF3737AF}.Release|Mixed Platforms.Build.0 = Release|x86
		{464B085F-25CB-4CB5-9000-672CDF3737AF}.Release|Mixed Platforms.Deploy.0 = Release|x86
		{464B085F-25CB-4CB5-9000-672CDF3737AF}.Release|Win32.ActiveCfg = Release|x86
		{464B085F-25CB-4CB5-9000-672CDF3737AF}.Release|Win32.Build.0 = Release|x86
		{464B085F-25CB-4CB5-9000-672CDF3737AF}.Release|Win32.Deploy.0 = Release|x86
		{464B085F-25CB-4CB5-9000-672CDF3737AF}.Release|x64.ActiveCfg = Release|x64
		{464B085F-25CB-4CB5-9000-672CDF3737AF}.Release|x64.Build.0 = Release|x64
		{464B085F-25CB-4CB5-9000-672CDF3737AF}.Release|x64.Deploy.0 = Release|x64
		{464B085F-25CB-4CB5-9000-672CDF3737AF}.Release|x86.ActiveCfg = Release|x86
		{464B085F-25CB-4CB5-9000-672CDF3737AF}.Release|x86.Build.0 = Release|x86
		{464B085F-25CB-4CB5-9000-672CDF3737AF}.Release|x86.Deploy.0 = Release|x86
	EndGlobalSection
	GlobalSection(SolutionProperties) = preSolution
		HideSolutionNode = FALSE
	EndGlobalSection
EndGlobal
